
Microsoft Visual Studio Solution File, Format Version 12.00
# Visual Studio Version 16
VisualStudioVersion = 16.0.31205.134
MinimumVisualStudioVersion = 10.0.40219.1
Project("{FAE04EC0-301F-11D3-BF4B-00C04F79EFBC}") = "ParkyApi", "ParkyApi\ParkyApi.csproj", "{B7FBFBC8-8CD1-43A0-91EF-17071157E985}"
EndProject
Global
	GlobalSection(SolutionConfigurationPlatforms) = preSolution
		Debug|Any CPU = Debug|Any CPU
		Release|Any CPU = Release|Any CPU
	EndGlobalSection
	GlobalSection(ProjectConfigurationPlatforms) = postSolution
		{B7FBFBC8-8CD1-43A0-91EF-17071157E985}.Debug|Any CPU.ActiveCfg = Debug|Any CPU
		{B7FBFBC8-8CD1-43A0-91EF-17071157E985}.Debug|Any CPU.Build.0 = Debug|Any CPU
		{B7FBFBC8-8CD1-43A0-91EF-17071157E985}.Release|Any CPU.ActiveCfg = Release|Any CPU
		{B7FBFBC8-8CD1-43A0-91EF-17071157E985}.Release|Any CPU.Build.0 = Release|Any CPU
	EndGlobalSection
	GlobalSection(SolutionProperties) = preSolution
		HideSolutionNode = FALSE
	EndGlobalSection
	GlobalSection(ExtensibilityGlobals) = postSolution
		SolutionGuid = {64D671AC-28A3-40D5-B2E9-EDE3043F98E6}
	EndGlobalSection
EndGlobal
